
Microsoft Visual Studio Solution File, Format Version 12.00
# Visual Studio 15
VisualStudioVersion = 15.0.28307.852
MinimumVisualStudioVersion = 10.0.40219.1
Project("{8BC9CEB8-8B4A-11D0-8D11-00A0C91BC942}") = "CTables_LabOne", "CTables_LabOne\CTables_LabOne.vcxproj", "{1616B31F-0F1A-45CD-84D6-2E3D3ABA47AE}"
EndProject
Global
	GlobalSection(SolutionConfigurationPlatforms) = preSolution
		Debug|x64 = Debug|x64
		Debug|x86 = Debug|x86
		Release|x64 = Release|x64
		Release|x86 = Release|x86
	EndGlobalSection
	GlobalSection(ProjectConfigurationPlatforms) = postSolution
		{1616B31F-0F1A-45CD-84D6-2E3D3ABA47AE}.Debug|x64.ActiveCfg = Debug|x64
		{1616B31F-0F1A-45CD-84D6-2E3D3ABA47AE}.Debug|x64.Build.0 = Debug|x64
		{1616B31F-0F1A-45CD-84D6-2E3D3ABA47AE}.Debug|x86.ActiveCfg = Debug|Win32
		{1616B31F-0F1A-45CD-84D6-2E3D3ABA47AE}.Debug|x86.Build.0 = Debug|Win32
		{1616B31F-0F1A-45CD-84D6-2E3D3ABA47AE}.Release|x64.ActiveCfg = Release|x64
		{1616B31F-0F1A-45CD-84D6-2E3D3ABA47AE}.Release|x64.Build.0 = Release|x64
		{1616B31F-0F1A-45CD-84D6-2E3D3ABA47AE}.Release|x86.ActiveCfg = Release|Win32
		{1616B31F-0F1A-45CD-84D6-2E3D3ABA47AE}.Release|x86.Build.0 = Release|Win32
	EndGlobalSection
	GlobalSection(SolutionProperties) = preSolution
		HideSolutionNode = FALSE
	EndGlobalSection
	GlobalSection(ExtensibilityGlobals) = postSolution
		SolutionGuid = {777FEBB4-1C94-423B-9D32-99856A613DDB}
	EndGlobalSection
EndGlobal
